
Microsoft Visual Studio Solution File, Format Version 12.00
# Visual Studio Version 17
VisualStudioVersion = 17.14.36121.58 d17.14
MinimumVisualStudioVersion = 10.0.40219.1
Project("{FAE04EC0-301F-11D3-BF4B-00C04F79EFBC}") = "Lab02", "Lab02.csproj", "{7C6CA442-C718-4D84-9F72-1329236E8944}"
EndProject
Global
	GlobalSection(SolutionConfigurationPlatforms) = preSolution
		Debug|Any CPU = Debug|Any CPU
		Release|Any CPU = Release|Any CPU
	EndGlobalSection
	GlobalSection(ProjectConfigurationPlatforms) = postSolution
		{7C6CA442-C718-4D84-9F72-1329236E8944}.Debug|Any CPU.ActiveCfg = Debug|Any CPU
		{7C6CA442-C718-4D84-9F72-1329236E8944}.Debug|Any CPU.Build.0 = Debug|Any CPU
		{7C6CA442-C718-4D84-9F72-1329236E8944}.Release|Any CPU.ActiveCfg = Release|Any CPU
		{7C6CA442-C718-4D84-9F72-1329236E8944}.Release|Any CPU.Build.0 = Release|Any CPU
	EndGlobalSection
	GlobalSection(SolutionProperties) = preSolution
		HideSolutionNode = FALSE
	EndGlobalSection
	GlobalSection(ExtensibilityGlobals) = postSolution
		SolutionGuid = {DFC265BD-E93A-4808-813F-EC2EEBDBB69D}
	EndGlobalSection
EndGlobal
