
Microsoft Visual Studio Solution File, Format Version 12.00
# Visual Studio Version 17
VisualStudioVersion = 17.14.36121.58 d17.14
MinimumVisualStudioVersion = 10.0.40219.1
Project("{FAE04EC0-301F-11D3-BF4B-00C04F79EFBC}") = "Baitap02", "Baitap02.csproj", "{23F74E8B-D7B0-40A0-9C6C-1BDDA32317FC}"
EndProject
Global
	GlobalSection(SolutionConfigurationPlatforms) = preSolution
		Debug|Any CPU = Debug|Any CPU
		Release|Any CPU = Release|Any CPU
	EndGlobalSection
	GlobalSection(ProjectConfigurationPlatforms) = postSolution
		{23F74E8B-D7B0-40A0-9C6C-1BDDA32317FC}.Debug|Any CPU.ActiveCfg = Debug|Any CPU
		{23F74E8B-D7B0-40A0-9C6C-1BDDA32317FC}.Debug|Any CPU.Build.0 = Debug|Any CPU
		{23F74E8B-D7B0-40A0-9C6C-1BDDA32317FC}.Release|Any CPU.ActiveCfg = Release|Any CPU
		{23F74E8B-D7B0-40A0-9C6C-1BDDA32317FC}.Release|Any CPU.Build.0 = Release|Any CPU
	EndGlobalSection
	GlobalSection(SolutionProperties) = preSolution
		HideSolutionNode = FALSE
	EndGlobalSection
	GlobalSection(ExtensibilityGlobals) = postSolution
		SolutionGuid = {B7210A0B-1B6D-4DCF-8338-9EE99B453D61}
	EndGlobalSection
EndGlobal
