
Microsoft Visual Studio Solution File, Format Version 12.00
# Visual Studio Version 17
VisualStudioVersion = 17.13.35913.81 d17.13
MinimumVisualStudioVersion = 10.0.40219.1
Project("{FAE04EC0-301F-11D3-BF4B-00C04F79EFBC}") = "Lab01", "Lab01.csproj", "{09A925AF-D955-4E8D-965F-AC5B0378D670}"
EndProject
Global
	GlobalSection(SolutionConfigurationPlatforms) = preSolution
		Debug|Any CPU = Debug|Any CPU
		Release|Any CPU = Release|Any CPU
	EndGlobalSection
	GlobalSection(ProjectConfigurationPlatforms) = postSolution
		{09A925AF-D955-4E8D-965F-AC5B0378D670}.Debug|Any CPU.ActiveCfg = Debug|Any CPU
		{09A925AF-D955-4E8D-965F-AC5B0378D670}.Debug|Any CPU.Build.0 = Debug|Any CPU
		{09A925AF-D955-4E8D-965F-AC5B0378D670}.Release|Any CPU.ActiveCfg = Release|Any CPU
		{09A925AF-D955-4E8D-965F-AC5B0378D670}.Release|Any CPU.Build.0 = Release|Any CPU
	EndGlobalSection
	GlobalSection(SolutionProperties) = preSolution
		HideSolutionNode = FALSE
	EndGlobalSection
	GlobalSection(ExtensibilityGlobals) = postSolution
		SolutionGuid = {CDC2D653-BCED-454E-BC3D-E780A029AA3C}
	EndGlobalSection
EndGlobal
