
Microsoft Visual Studio Solution File, Format Version 12.00
# Visual Studio Version 17
VisualStudioVersion = 17.14.36121.58 d17.14
MinimumVisualStudioVersion = 10.0.40219.1
Project("{FAE04EC0-301F-11D3-BF4B-00C04F79EFBC}") = "Baitap3", "Baitap3.csproj", "{EDDA62E7-61FB-4FAE-A9C8-B003393136C3}"
EndProject
Global
	GlobalSection(SolutionConfigurationPlatforms) = preSolution
		Debug|Any CPU = Debug|Any CPU
		Release|Any CPU = Release|Any CPU
	EndGlobalSection
	GlobalSection(ProjectConfigurationPlatforms) = postSolution
		{EDDA62E7-61FB-4FAE-A9C8-B003393136C3}.Debug|Any CPU.ActiveCfg = Debug|Any CPU
		{EDDA62E7-61FB-4FAE-A9C8-B003393136C3}.Debug|Any CPU.Build.0 = Debug|Any CPU
		{EDDA62E7-61FB-4FAE-A9C8-B003393136C3}.Release|Any CPU.ActiveCfg = Release|Any CPU
		{EDDA62E7-61FB-4FAE-A9C8-B003393136C3}.Release|Any CPU.Build.0 = Release|Any CPU
	EndGlobalSection
	GlobalSection(SolutionProperties) = preSolution
		HideSolutionNode = FALSE
	EndGlobalSection
	GlobalSection(ExtensibilityGlobals) = postSolution
		SolutionGuid = {1DA6EA48-D142-4434-889F-7D0C4319CCB0}
	EndGlobalSection
EndGlobal
