
Microsoft Visual Studio Solution File, Format Version 12.00
# Visual Studio Version 17
VisualStudioVersion = 17.14.36121.58 d17.14
MinimumVisualStudioVersion = 10.0.40219.1
Project("{FAE04EC0-301F-11D3-BF4B-00C04F79EFBC}") = "Baitap03", "Baitap03.csproj", "{AEA89860-6CE2-4009-9841-1C79769AA39C}"
EndProject
Global
	GlobalSection(SolutionConfigurationPlatforms) = preSolution
		Debug|Any CPU = Debug|Any CPU
		Release|Any CPU = Release|Any CPU
	EndGlobalSection
	GlobalSection(ProjectConfigurationPlatforms) = postSolution
		{AEA89860-6CE2-4009-9841-1C79769AA39C}.Debug|Any CPU.ActiveCfg = Debug|Any CPU
		{AEA89860-6CE2-4009-9841-1C79769AA39C}.Debug|Any CPU.Build.0 = Debug|Any CPU
		{AEA89860-6CE2-4009-9841-1C79769AA39C}.Release|Any CPU.ActiveCfg = Release|Any CPU
		{AEA89860-6CE2-4009-9841-1C79769AA39C}.Release|Any CPU.Build.0 = Release|Any CPU
	EndGlobalSection
	GlobalSection(SolutionProperties) = preSolution
		HideSolutionNode = FALSE
	EndGlobalSection
	GlobalSection(ExtensibilityGlobals) = postSolution
		SolutionGuid = {DB17D60E-4035-43F9-8BBC-8620374CC190}
	EndGlobalSection
EndGlobal
